// !$*UTF8*$!
{
	archiveVersion = 1;
	classes = {
	};
	objectVersion = 56;
	objects = {

/* Begin PBXBuildFile section */
		208651C42954C38D00085A11 /* AppDelegate.swift in Sources */ = {isa = PBXBuildFile; fileRef = 208651C32954C38D00085A11 /* AppDelegate.swift */; };
		208651C62954C38D00085A11 /* SceneDelegate.swift in Sources */ = {isa = PBXBuildFile; fileRef = 208651C52954C38D00085A11 /* SceneDelegate.swift */; };
		208651C82954C38D00085A11 /* ViewController.swift in Sources */ = {isa = PBXBuildFile; fileRef = 208651C72954C38D00085A11 /* ViewController.swift */; };
		208651CD2954C39000085A11 /* Assets.xcassets in Resources */ = {isa = PBXBuildFile; fileRef = 208651CC2954C39000085A11 /* Assets.xcassets */; };
		208651D02954C39000085A11 /* LaunchScreen.storyboard in Resources */ = {isa = PBXBuildFile; fileRef = 208651CE2954C39000085A11 /* LaunchScreen.storyboard */; };
		208651DC2954C6F500085A11 /* BannersCollection.swift in Sources */ = {isa = PBXBuildFile; fileRef = 208651DB2954C6F500085A11 /* BannersCollection.swift */; };
		208651E42954CC5000085A11 /* CategoryCollectionViewCell.swift in Sources */ = {isa = PBXBuildFile; fileRef = 208651E32954CC5000085A11 /* CategoryCollectionViewCell.swift */; };
		209783D92954D8D000FE2465 /* CategoryCollection.swift in Sources */ = {isa = PBXBuildFile; fileRef = 209783D82954D8CF00FE2465 /* CategoryCollection.swift */; };
		209783DB2956086B00FE2465 /* TableViewCell.swift in Sources */ = {isa = PBXBuildFile; fileRef = 209783DA2956086B00FE2465 /* TableViewCell.swift */; };
/* End PBXBuildFile section */

/* Begin PBXFileReference section */
		208651C02954C38D00085A11 /* JustMoby.app */ = {isa = PBXFileReference; explicitFileType = wrapper.application; includeInIndex = 0; path = JustMoby.app; sourceTree = BUILT_PRODUCTS_DIR; };
		208651C32954C38D00085A11 /* AppDelegate.swift */ = {isa = PBXFileReference; lastKnownFileType = sourcecode.swift; path = AppDelegate.swift; sourceTree = "<group>"; };
		208651C52954C38D00085A11 /* SceneDelegate.swift */ = {isa = PBXFileReference; lastKnownFileType = sourcecode.swift; path = SceneDelegate.swift; sourceTree = "<group>"; };
		208651C72954C38D00085A11 /* ViewController.swift */ = {isa = PBXFileReference; lastKnownFileType = sourcecode.swift; path = ViewController.swift; sourceTree = "<group>"; };
		208651CC2954C39000085A11 /* Assets.xcassets */ = {isa = PBXFileReference; lastKnownFileType = folder.assetcatalog; path = Assets.xcassets; sourceTree = "<group>"; };
		208651CF2954C39000085A11 /* Base */ = {isa = PBXFileReference; lastKnownFileType = file.storyboard; name = Base; path = Base.lproj/LaunchScreen.storyboard; sourceTree = "<group>"; };
		208651D12954C39000085A11 /* Info.plist */ = {isa = PBXFileReference; lastKnownFileType = text.plist.xml; path = Info.plist; sourceTree = "<group>"; };
		208651DB2954C6F500085A11 /* BannersCollection.swift */ = {isa = PBXFileReference; lastKnownFileType = sourcecode.swift; path = BannersCollection.swift; sourceTree = "<group>"; };
		208651E32954CC5000085A11 /* CategoryCollectionViewCell.swift */ = {isa = PBXFileReference; lastKnownFileType = sourcecode.swift; path = CategoryCollectionViewCell.swift; sourceTree = "<group>"; };
		209783D82954D8CF00FE2465 /* CategoryCollection.swift */ = {isa = PBXFileReference; lastKnownFileType = sourcecode.swift; path = CategoryCollection.swift; sourceTree = "<group>"; };
		209783DA2956086B00FE2465 /* TableViewCell.swift */ = {isa = PBXFileReference; lastKnownFileType = sourcecode.swift; path = TableViewCell.swift; sourceTree = "<group>"; };
/* End PBXFileReference section */

/* Begin PBXFrameworksBuildPhase section */
		208651BD2954C38D00085A11 /* Frameworks */ = {
			isa = PBXFrameworksBuildPhase;
			buildActionMask = 2147483647;
			files = (
			);
			runOnlyForDeploymentPostprocessing = 0;
		};
/* End PBXFrameworksBuildPhase section */

/* Begin PBXGroup section */
		208651B72954C38D00085A11 = {
			isa = PBXGroup;
			children = (
				208651C22954C38D00085A11 /* JustMoby */,
				208651C12954C38D00085A11 /* Products */,
			);
			sourceTree = "<group>";
		};
		208651C12954C38D00085A11 /* Products */ = {
			isa = PBXGroup;
			children = (
				208651C02954C38D00085A11 /* JustMoby.app */,
			);
			name = Products;
			sourceTree = "<group>";
		};
		208651C22954C38D00085A11 /* JustMoby */ = {
			isa = PBXGroup;
			children = (
				208651DD2954CA8C00085A11 /* AppDelegate */,
				208651DE2954CA9700085A11 /* ViewController */,
				208651D12954C39000085A11 /* Info.plist */,
				208651CC2954C39000085A11 /* Assets.xcassets */,
				208651CE2954C39000085A11 /* LaunchScreen.storyboard */,
			);
			path = JustMoby;
			sourceTree = "<group>";
		};
		208651DD2954CA8C00085A11 /* AppDelegate */ = {
			isa = PBXGroup;
			children = (
				208651C32954C38D00085A11 /* AppDelegate.swift */,
				208651C52954C38D00085A11 /* SceneDelegate.swift */,
			);
			name = AppDelegate;
			sourceTree = "<group>";
		};
		208651DE2954CA9700085A11 /* ViewController */ = {
			isa = PBXGroup;
			children = (
				208651C72954C38D00085A11 /* ViewController.swift */,
				209783DA2956086B00FE2465 /* TableViewCell.swift */,
				208651DF2954CAB000085A11 /* BannerView */,
				208651E02954CC0300085A11 /* CategoryView */,
			);
			path = ViewController;
			sourceTree = "<group>";
		};
		208651DF2954CAB000085A11 /* BannerView */ = {
			isa = PBXGroup;
			children = (
				208651DB2954C6F500085A11 /* BannersCollection.swift */,
			);
			name = BannerView;
			path = ..;
			sourceTree = "<group>";
		};
		208651E02954CC0300085A11 /* CategoryView */ = {
			isa = PBXGroup;
			children = (
				209783D82954D8CF00FE2465 /* CategoryCollection.swift */,
				208651E32954CC5000085A11 /* CategoryCollectionViewCell.swift */,
			);
			path = CategoryView;
			sourceTree = "<group>";
		};
/* End PBXGroup section */

/* Begin PBXNativeTarget section */
		208651BF2954C38D00085A11 /* JustMoby */ = {
			isa = PBXNativeTarget;
			buildConfigurationList = 208651D42954C39000085A11 /* Build configuration list for PBXNativeTarget "JustMoby" */;
			buildPhases = (
				208651BC2954C38D00085A11 /* Sources */,
				208651BD2954C38D00085A11 /* Frameworks */,
				208651BE2954C38D00085A11 /* Resources */,
			);
			buildRules = (
			);
			dependencies = (
			);
			name = JustMoby;
			productName = JustMoby;
			productReference = 208651C02954C38D00085A11 /* JustMoby.app */;
			productType = "com.apple.product-type.application";
		};
/* End PBXNativeTarget section */

/* Begin PBXProject section */
		208651B82954C38D00085A11 /* Project object */ = {
			isa = PBXProject;
			attributes = {
				BuildIndependentTargetsInParallel = 1;
				LastSwiftUpdateCheck = 1410;
				LastUpgradeCheck = 1410;
				TargetAttributes = {
					208651BF2954C38D00085A11 = {
						CreatedOnToolsVersion = 14.1;
					};
				};
			};
			buildConfigurationList = 208651BB2954C38D00085A11 /* Build configuration list for PBXProject "JustMoby" */;
			compatibilityVersion = "Xcode 14.0";
			developmentRegion = en;
			hasScannedForEncodings = 0;
			knownRegions = (
				en,
				Base,
			);
			mainGroup = 208651B72954C38D00085A11;
			productRefGroup = 208651C12954C38D00085A11 /* Products */;
			projectDirPath = "";
			projectRoot = "";
			targets = (
				208651BF2954C38D00085A11 /* JustMoby */,
			);
		};
/* End PBXProject section */

/* Begin PBXResourcesBuildPhase section */
		208651BE2954C38D00085A11 /* Resources */ = {
			isa = PBXResourcesBuildPhase;
			buildActionMask = 2147483647;
			files = (
				208651D02954C39000085A11 /* LaunchScreen.storyboard in Resources */,
				208651CD2954C39000085A11 /* Assets.xcassets in Resources */,
			);
			runOnlyForDeploymentPostprocessing = 0;
		};
/* End PBXResourcesBuildPhase section */

/* Begin PBXSourcesBuildPhase section */
		208651BC2954C38D00085A11 /* Sources */ = {
			isa = PBXSourcesBuildPhase;
			buildActionMask = 2147483647;
			files = (
				208651C82954C38D00085A11 /* ViewController.swift in Sources */,
				208651C42954C38D00085A11 /* AppDelegate.swift in Sources */,
				209783D92954D8D000FE2465 /* CategoryCollection.swift in Sources */,
				208651DC2954C6F500085A11 /* BannersCollection.swift in Sources */,
				208651E42954CC5000085A11 /* CategoryCollectionViewCell.swift in Sources */,
				209783DB2956086B00FE2465 /* TableViewCell.swift in Sources */,
				208651C62954C38D00085A11 /* SceneDelegate.swift in Sources */,
			);
			runOnlyForDeploymentPostprocessing = 0;
		};
/* End PBXSourcesBuildPhase section */

/* Begin PBXVariantGroup section */
		208651CE2954C39000085A11 /* LaunchScreen.storyboard */ = {
			isa = PBXVariantGroup;
			children = (
				208651CF2954C39000085A11 /* Base */,
			);
			name = LaunchScreen.storyboard;
			sourceTree = "<group>";
		};
/* End PBXVariantGroup section */

/* Begin XCBuildConfiguration section */
		208651D22954C39000085A11 /* Debug */ = {
			isa = XCBuildConfiguration;
			buildSettings = {
				ALWAYS_SEARCH_USER_PATHS = NO;
				CLANG_ANALYZER_NONNULL = YES;
				CLANG_ANALYZER_NUMBER_OBJECT_CONVERSION = YES_AGGRESSIVE;
				CLANG_CXX_LANGUAGE_STANDARD = "gnu++20";
				CLANG_ENABLE_MODULES = YES;
				CLANG_ENABLE_OBJC_ARC = YES;
				CLANG_ENABLE_OBJC_WEAK = YES;
				CLANG_WARN_BLOCK_CAPTURE_AUTORELEASING = YES;
				CLANG_WARN_BOOL_CONVERSION = YES;
				CLANG_WARN_COMMA = YES;
				CLANG_WARN_CONSTANT_CONVERSION = YES;
				CLANG_WARN_DEPRECATED_OBJC_IMPLEMENTATIONS = YES;
				CLANG_WARN_DIRECT_OBJC_ISA_USAGE = YES_ERROR;
				CLANG_WARN_DOCUMENTATION_COMMENTS = YES;
				CLANG_WARN_EMPTY_BODY = YES;
				CLANG_WARN_ENUM_CONVERSION = YES;
				CLANG_WARN_INFINITE_RECURSION = YES;
				CLANG_WARN_INT_CONVERSION = YES;
				CLANG_WARN_NON_LITERAL_NULL_CONVERSION = YES;
				CLANG_WARN_OBJC_IMPLICIT_RETAIN_SELF = YES;
				CLANG_WARN_OBJC_LITERAL_CONVERSION = YES;
				CLANG_WARN_OBJC_ROOT_CLASS = YES_ERROR;
				CLANG_WARN_QUOTED_INCLUDE_IN_FRAMEWORK_HEADER = YES;
				CLANG_WARN_RANGE_LOOP_ANALYSIS = YES;
				CLANG_WARN_STRICT_PROTOTYPES = YES;
				CLANG_WARN_SUSPICIOUS_MOVE = YES;
				CLANG_WARN_UNGUARDED_AVAILABILITY = YES_AGGRESSIVE;
				CLANG_WARN_UNREACHABLE_CODE = YES;
				CLANG_WARN__DUPLICATE_METHOD_MATCH = YES;
				COPY_PHASE_STRIP = NO;
				DEBUG_INFORMATION_FORMAT = dwarf;
				ENABLE_STRICT_OBJC_MSGSEND = YES;
				ENABLE_TESTABILITY = YES;
				GCC_C_LANGUAGE_STANDARD = gnu11;
				GCC_DYNAMIC_NO_PIC = NO;
				GCC_NO_COMMON_BLOCKS = YES;
				GCC_OPTIMIZATION_LEVEL = 0;
				GCC_PREPROCESSOR_DEFINITIONS = (
					"DEBUG=1",
					"$(inherited)",
				);
				GCC_WARN_64_TO_32_BIT_CONVERSION = YES;
				GCC_WARN_ABOUT_RETURN_TYPE = YES_ERROR;
				GCC_WARN_UNDECLARED_SELECTOR = YES;
				GCC_WARN_UNINITIALIZED_AUTOS = YES_AGGRESSIVE;
				GCC_WARN_UNUSED_FUNCTION = YES;
				GCC_WARN_UNUSED_VARIABLE = YES;
				IPHONEOS_DEPLOYMENT_TARGET = 10.0;
				MTL_ENABLE_DEBUG_INFO = INCLUDE_SOURCE;
				MTL_FAST_MATH = YES;
				ONLY_ACTIVE_ARCH = YES;
				SDKROOT = iphoneos;
				SWIFT_ACTIVE_COMPILATION_CONDITIONS = DEBUG;
				SWIFT_OPTIMIZATION_LEVEL = "-Onone";
			};
			name = Debug;
		};
		208651D32954C39000085A11 /* Release */ = {
			isa = XCBuildConfiguration;
			buildSettings = {
				ALWAYS_SEARCH_USER_PATHS = NO;
				CLANG_ANALYZER_NONNULL = YES;
				CLANG_ANALYZER_NUMBER_OBJECT_CONVERSION = YES_AGGRESSIVE;
				CLANG_CXX_LANGUAGE_STANDARD = "gnu++20";
				CLANG_ENABLE_MODULES = YES;
				CLANG_ENABLE_OBJC_ARC = YES;
				CLANG_ENABLE_OBJC_WEAK = YES;
				CLANG_WARN_BLOCK_CAPTURE_AUTORELEASING = YES;
				CLANG_WARN_BOOL_CONVERSION = YES;
				CLANG_WARN_COMMA = YES;
				CLANG_WARN_CONSTANT_CONVERSION = YES;
				CLANG_WARN_DEPRECATED_OBJC_IMPLEMENTATIONS = YES;
				CLANG_WARN_DIRECT_OBJC_ISA_USAGE = YES_ERROR;
				CLANG_WARN_DOCUMENTATION_COMMENTS = YES;
				CLANG_WARN_EMPTY_BODY = YES;
				CLANG_WARN_ENUM_CONVERSION = YES;
				CLANG_WARN_INFINITE_RECURSION = YES;
				CLANG_WARN_INT_CONVERSION = YES;
				CLANG_WARN_NON_LITERAL_NULL_CONVERSION = YES;
				CLANG_WARN_OBJC_IMPLICIT_RETAIN_SELF = YES;
				CLANG_WARN_OBJC_LITERAL_CONVERSION = YES;
				CLANG_WARN_OBJC_ROOT_CLASS = YES_ERROR;
				CLANG_WARN_QUOTED_INCLUDE_IN_FRAMEWORK_HEADER = YES;
				CLANG_WARN_RANGE_LOOP_ANALYSIS = YES;
				CLANG_WARN_STRICT_PROTOTYPES = YES;
				CLANG_WARN_SUSPICIOUS_MOVE = YES;
				CLANG_WARN_UNGUARDED_AVAILABILITY = YES_AGGRESSIVE;
				CLANG_WARN_UNREACHABLE_CODE = YES;
				CLANG_WARN__DUPLICATE_METHOD_MATCH = YES;
				COPY_PHASE_STRIP = NO;
				DEBUG_INFORMATION_FORMAT = "dwarf-with-dsym";
				ENABLE_NS_ASSERTIONS = NO;
				ENABLE_STRICT_OBJC_MSGSEND = YES;
				GCC_C_LANGUAGE_STANDARD = gnu11;
				GCC_NO_COMMON_BLOCKS = YES;
				GCC_WARN_64_TO_32_BIT_CONVERSION = YES;
				GCC_WARN_ABOUT_RETURN_TYPE = YES_ERROR;
				GCC_WARN_UNDECLARED_SELECTOR = YES;
				GCC_WARN_UNINITIALIZED_AUTOS = YES_AGGRESSIVE;
				GCC_WARN_UNUSED_FUNCTION = YES;
				GCC_WARN_UNUSED_VARIABLE = YES;
				IPHONEOS_DEPLOYMENT_TARGET = 10.0;
				MTL_ENABLE_DEBUG_INFO = NO;
				MTL_FAST_MATH = YES;
				SDKROOT = iphoneos;
				SWIFT_COMPILATION_MODE = wholemodule;
				SWIFT_OPTIMIZATION_LEVEL = "-O";
				VALIDATE_PRODUCT = YES;
			};
			name = Release;
		};
		208651D52954C39000085A11 /* Debug */ = {
			isa = XCBuildConfiguration;
			buildSettings = {
				ASSETCATALOG_COMPILER_APPICON_NAME = AppIcon;
				ASSETCATALOG_COMPILER_GLOBAL_ACCENT_COLOR_NAME = AccentColor;
				CODE_SIGN_STYLE = Automatic;
				CURRENT_PROJECT_VERSION = 1;
				GENERATE_INFOPLIST_FILE = YES;
				INFOPLIST_FILE = JustMoby/Info.plist;
				INFOPLIST_KEY_UIApplicationSupportsIndirectInputEvents = YES;
				INFOPLIST_KEY_UILaunchStoryboardName = LaunchScreen;
				INFOPLIST_KEY_UISupportedInterfaceOrientations_iPad = "UIInterfaceOrientationPortrait UIInterfaceOrientationPortraitUpsideDown UIInterfaceOrientationLandscapeLeft UIInterfaceOrientationLandscapeRight";
				INFOPLIST_KEY_UISupportedInterfaceOrientations_iPhone = "UIInterfaceOrientationPortrait UIInterfaceOrientationLandscapeLeft UIInterfaceOrientationLandscapeRight";
				IPHONEOS_DEPLOYMENT_TARGET = 10.0;
				LD_RUNPATH_SEARCH_PATHS = (
					"$(inherited)",
					"@executable_path/Frameworks",
				);
				MARKETING_VERSION = 1.0;
				PRODUCT_BUNDLE_IDENTIFIER = essaushkin.JustMoby;
				PRODUCT_NAME = "$(TARGET_NAME)";
				SWIFT_EMIT_LOC_STRINGS = YES;
				SWIFT_VERSION = 5.0;
				TARGETED_DEVICE_FAMILY = "1,2";
			};
			name = Debug;
		};
		208651D62954C39000085A11 /* Release */ = {
			isa = XCBuildConfiguration;
			buildSettings = {
				ASSETCATALOG_COMPILER_APPICON_NAME = AppIcon;
				ASSETCATALOG_COMPILER_GLOBAL_ACCENT_COLOR_NAME = AccentColor;
				CODE_SIGN_STYLE = Automatic;
				CURRENT_PROJECT_VERSION = 1;
				GENERATE_INFOPLIST_FILE = YES;
				INFOPLIST_FILE = JustMoby/Info.plist;
				INFOPLIST_KEY_UIApplicationSupportsIndirectInputEvents = YES;
				INFOPLIST_KEY_UILaunchStoryboardName = LaunchScreen;
				INFOPLIST_KEY_UISupportedInterfaceOrientations_iPad = "UIInterfaceOrientationPortrait UIInterfaceOrientationPortraitUpsideDown UIInterfaceOrientationLandscapeLeft UIInterfaceOrientationLandscapeRight";
				INFOPLIST_KEY_UISupportedInterfaceOrientations_iPhone = "UIInterfaceOrientationPortrait UIInterfaceOrientationLandscapeLeft UIInterfaceOrientationLandscapeRight";
				IPHONEOS_DEPLOYMENT_TARGET = 10.0;
				LD_RUNPATH_SEARCH_PATHS = (
					"$(inherited)",
					"@executable_path/Frameworks",
				);
				MARKETING_VERSION = 1.0;
				PRODUCT_BUNDLE_IDENTIFIER = essaushkin.JustMoby;
				PRODUCT_NAME = "$(TARGET_NAME)";
				SWIFT_EMIT_LOC_STRINGS = YES;
				SWIFT_VERSION = 5.0;
				TARGETED_DEVICE_FAMILY = "1,2";
			};
			name = Release;
		};
/* End XCBuildConfiguration section */

/* Begin XCConfigurationList section */
		208651BB2954C38D00085A11 /* Build configuration list for PBXProject "JustMoby" */ = {
			isa = XCConfigurationList;
			buildConfigurations = (
				208651D22954C39000085A11 /* Debug */,
				208651D32954C39000085A11 /* Release */,
			);
			defaultConfigurationIsVisible = 0;
			defaultConfigurationName = Release;
		};
		208651D42954C39000085A11 /* Build configuration list for PBXNativeTarget "JustMoby" */ = {
			isa = XCConfigurationList;
			buildConfigurations = (
				208651D52954C39000085A11 /* Debug */,
				208651D62954C39000085A11 /* Release */,
			);
			defaultConfigurationIsVisible = 0;
			defaultConfigurationName = Release;
		};
/* End XCConfigurationList section */
	};
	rootObject = 208651B82954C38D00085A11 /* Project object */;
}
